{
  "name": "tests",
  "version": "1.0.0",
  "lockfileVersion": 3,
  "requires": true,
  "packages": {
    "": {
      "name": "tests",
      "version": "1.0.0",
      "license": "ISC",
      "dependencies": {
        "h5wasm": "^0.8.1"
      }
    },
    "node_modules/h5wasm": {
      "version": "0.8.1",
      "resolved": "https://registry.npmjs.org/h5wasm/-/h5wasm-0.8.1.tgz",
      "integrity": "sha512-zPYBB3iqFN6of3G0AgoXvDt8XbtQlapfnz58UGNbjxloyOSYIs+I0HMl+V9slFQXQpNIxVrUI7vUaosROpPAIg==",
      "license": "SEE LICENSE IN LICENSE.txt"
    }
  }
}
